
Microsoft Visual Studio Solution File, Format Version 12.00
Project("{FAE04EC0-301F-11D3-BF4B-00C04F79EFBC}") = "SignalConsoleClient", "SignalConsoleClient\SignalConsoleClient.csproj", "{D1DE347C-61ED-4A22-8CD3-91ACA4FB90DF}"
EndProject
Project("{FAE04EC0-301F-11D3-BF4B-00C04F79EFBC}") = "SignalDisplay", "SignalDisplay\SignalDisplay.csproj", "{51F3A8EF-D632-4154-8493-004F8548B36C}"
EndProject
Global
	GlobalSection(SolutionConfigurationPlatforms) = preSolution
		Debug|Any CPU = Debug|Any CPU
		Release|Any CPU = Release|Any CPU
	EndGlobalSection
	GlobalSection(ProjectConfigurationPlatforms) = postSolution
		{D1DE347C-61ED-4A22-8CD3-91ACA4FB90DF}.Debug|Any CPU.ActiveCfg = Debug|Any CPU
		{D1DE347C-61ED-4A22-8CD3-91ACA4FB90DF}.Debug|Any CPU.Build.0 = Debug|Any CPU
		{D1DE347C-61ED-4A22-8CD3-91ACA4FB90DF}.Release|Any CPU.ActiveCfg = Release|Any CPU
		{D1DE347C-61ED-4A22-8CD3-91ACA4FB90DF}.Release|Any CPU.Build.0 = Release|Any CPU
		{51F3A8EF-D632-4154-8493-004F8548B36C}.Debug|Any CPU.ActiveCfg = Debug|Any CPU
		{51F3A8EF-D632-4154-8493-004F8548B36C}.Debug|Any CPU.Build.0 = Debug|Any CPU
		{51F3A8EF-D632-4154-8493-004F8548B36C}.Release|Any CPU.ActiveCfg = Release|Any CPU
		{51F3A8EF-D632-4154-8493-004F8548B36C}.Release|Any CPU.Build.0 = Release|Any CPU
	EndGlobalSection
EndGlobal
